
Microsoft Visual Studio Solution File, Format Version 12.00
# Visual Studio Version 17
VisualStudioVersion = 17.7.34221.43
MinimumVisualStudioVersion = 10.0.40219.1
Project("{FAE04EC0-301F-11D3-BF4B-00C04F79EFBC}") = "TypeMontor", "TypeMontor\TypeMontor.csproj", "{BECB9A8A-C95F-4A18-AB6F-7869571748E0}"
EndProject
Global
	GlobalSection(SolutionConfigurationPlatforms) = preSolution
		Debug|Any CPU = Debug|Any CPU
		Release|Any CPU = Release|Any CPU
	EndGlobalSection
	GlobalSection(ProjectConfigurationPlatforms) = postSolution
		{BECB9A8A-C95F-4A18-AB6F-7869571748E0}.Debug|Any CPU.ActiveCfg = Debug|Any CPU
		{BECB9A8A-C95F-4A18-AB6F-7869571748E0}.Debug|Any CPU.Build.0 = Debug|Any CPU
		{BECB9A8A-C95F-4A18-AB6F-7869571748E0}.Release|Any CPU.ActiveCfg = Release|Any CPU
		{BECB9A8A-C95F-4A18-AB6F-7869571748E0}.Release|Any CPU.Build.0 = Release|Any CPU
	EndGlobalSection
	GlobalSection(SolutionProperties) = preSolution
		HideSolutionNode = FALSE
	EndGlobalSection
	GlobalSection(ExtensibilityGlobals) = postSolution
		SolutionGuid = {409C6553-ABF1-4C90-94E0-A001EF1F50FF}
	EndGlobalSection
EndGlobal
